
Microsoft Visual Studio Solution File, Format Version 12.00
# Visual Studio Version 17
VisualStudioVersion = 17.3.32804.467
MinimumVisualStudioVersion = 10.0.40219.1
Project("{FAE04EC0-301F-11D3-BF4B-00C04F79EFBC}") = "Notification-Event-MediatR", "Sample-Event-CQRS\Notification-Event-MediatR.csproj", "{8FA76165-A005-4C2C-85EF-5036CF88EC3E}"
EndProject
Global
	GlobalSection(SolutionConfigurationPlatforms) = preSolution
		Debug|Any CPU = Debug|Any CPU
		Release|Any CPU = Release|Any CPU
	EndGlobalSection
	GlobalSection(ProjectConfigurationPlatforms) = postSolution
		{8FA76165-A005-4C2C-85EF-5036CF88EC3E}.Debug|Any CPU.ActiveCfg = Debug|Any CPU
		{8FA76165-A005-4C2C-85EF-5036CF88EC3E}.Debug|Any CPU.Build.0 = Debug|Any CPU
		{8FA76165-A005-4C2C-85EF-5036CF88EC3E}.Release|Any CPU.ActiveCfg = Release|Any CPU
		{8FA76165-A005-4C2C-85EF-5036CF88EC3E}.Release|Any CPU.Build.0 = Release|Any CPU
	EndGlobalSection
	GlobalSection(SolutionProperties) = preSolution
		HideSolutionNode = FALSE
	EndGlobalSection
	GlobalSection(ExtensibilityGlobals) = postSolution
		SolutionGuid = {2A46E54F-C823-467C-85E3-454CD39A2F60}
	EndGlobalSection
EndGlobal
